// !$*UTF8*$!
{
	archiveVersion = 1;
	classes = {
	};
	objectVersion = 56;
	objects = {

/* Begin PBXBuildFile section */
		CE0630232A5B82FD00713443 /* LandmarksApp.swift in Sources */ = {isa = PBXBuildFile; fileRef = CE0630222A5B82FD00713443 /* LandmarksApp.swift */; };
		CE0630252A5B82FD00713443 /* ContentView.swift in Sources */ = {isa = PBXBuildFile; fileRef = CE0630242A5B82FD00713443 /* ContentView.swift */; };
		CE0630272A5B82FE00713443 /* Assets.xcassets in Resources */ = {isa = PBXBuildFile; fileRef = CE0630262A5B82FE00713443 /* Assets.xcassets */; };
		CE06302A2A5B82FE00713443 /* Preview Assets.xcassets in Resources */ = {isa = PBXBuildFile; fileRef = CE0630292A5B82FE00713443 /* Preview Assets.xcassets */; };
		CE0630312A5B874A00713443 /* CircleImage.swift in Sources */ = {isa = PBXBuildFile; fileRef = CE0630302A5B874A00713443 /* CircleImage.swift */; };
		CE0630332A5B880900713443 /* MapView.swift in Sources */ = {isa = PBXBuildFile; fileRef = CE0630322A5B880900713443 /* MapView.swift */; };
		CE0630442A5B8B9200713443 /* LICENSE.txt in Resources */ = {isa = PBXBuildFile; fileRef = CE0630362A5B8B9200713443 /* LICENSE.txt */; };
		CE0630502A5B8B9200713443 /* landmarkData.json in Resources */ = {isa = PBXBuildFile; fileRef = CE0630432A5B8B9200713443 /* landmarkData.json */; };
		CE0630522A5B8C4600713443 /* Landmark.swift in Sources */ = {isa = PBXBuildFile; fileRef = CE0630512A5B8C4600713443 /* Landmark.swift */; };
		CE0630542A5B8F1100713443 /* ModelData.swift in Sources */ = {isa = PBXBuildFile; fileRef = CE0630532A5B8F1100713443 /* ModelData.swift */; };
		CE0630582A5B9A7C00713443 /* LandmarkRow.swift in Sources */ = {isa = PBXBuildFile; fileRef = CE0630572A5B9A7C00713443 /* LandmarkRow.swift */; };
		CE06305A2A5B9C9A00713443 /* LandmarkList.swift in Sources */ = {isa = PBXBuildFile; fileRef = CE0630592A5B9C9A00713443 /* LandmarkList.swift */; };
		CE06305C2A5BA1C700713443 /* LandmarkDetail.swift in Sources */ = {isa = PBXBuildFile; fileRef = CE06305B2A5BA1C700713443 /* LandmarkDetail.swift */; };
		CEC443032A5BD2560007333B /* FavoriteButton.swift in Sources */ = {isa = PBXBuildFile; fileRef = CEC443022A5BD2560007333B /* FavoriteButton.swift */; };
		CEC443072A5BDDCE0007333B /* HexagonParameters.swift in Sources */ = {isa = PBXBuildFile; fileRef = CEC443062A5BDDCE0007333B /* HexagonParameters.swift */; };
		CEC443092A5BDED30007333B /* BadgeBackground.swift in Sources */ = {isa = PBXBuildFile; fileRef = CEC443082A5BDED30007333B /* BadgeBackground.swift */; };
		CEC4430B2A5BE2A80007333B /* BadgeSymbol.swift in Sources */ = {isa = PBXBuildFile; fileRef = CEC4430A2A5BE2A80007333B /* BadgeSymbol.swift */; };
		CEC4430D2A5BE3580007333B /* RotatedBadgeSymbol.swift in Sources */ = {isa = PBXBuildFile; fileRef = CEC4430C2A5BE3580007333B /* RotatedBadgeSymbol.swift */; };
		CEC4430F2A5BE3D70007333B /* Badge.swift in Sources */ = {isa = PBXBuildFile; fileRef = CEC4430E2A5BE3D70007333B /* Badge.swift */; };
		CEC443122A5BE68A0007333B /* hikeData.json in Resources */ = {isa = PBXBuildFile; fileRef = CEC443112A5BE68A0007333B /* hikeData.json */; };
		CEC443142A5BE6BD0007333B /* Hike.swift in Sources */ = {isa = PBXBuildFile; fileRef = CEC443132A5BE6BD0007333B /* Hike.swift */; };
		CEC4431A2A5BE7D70007333B /* GraphCapsule.swift in Sources */ = {isa = PBXBuildFile; fileRef = CEC443162A5BE7D70007333B /* GraphCapsule.swift */; };
		CEC4431B2A5BE7D70007333B /* HikeGraph.swift in Sources */ = {isa = PBXBuildFile; fileRef = CEC443172A5BE7D70007333B /* HikeGraph.swift */; };
		CEC4431C2A5BE7D70007333B /* HikeDetail.swift in Sources */ = {isa = PBXBuildFile; fileRef = CEC443182A5BE7D70007333B /* HikeDetail.swift */; };
		CEC4431D2A5BE7D70007333B /* HikeView.swift in Sources */ = {isa = PBXBuildFile; fileRef = CEC443192A5BE7D70007333B /* HikeView.swift */; };
		CEC4431F2A5BECAE0007333B /* CategoryHome.swift in Sources */ = {isa = PBXBuildFile; fileRef = CEC4431E2A5BECAE0007333B /* CategoryHome.swift */; };
		CEC443212A5BEEFB0007333B /* CategoryRow.swift in Sources */ = {isa = PBXBuildFile; fileRef = CEC443202A5BEEFB0007333B /* CategoryRow.swift */; };
		CEC443232A5BF07C0007333B /* CategoryItem.swift in Sources */ = {isa = PBXBuildFile; fileRef = CEC443222A5BF07C0007333B /* CategoryItem.swift */; };
		CEC443252A5E60D00007333B /* Profile.swift in Sources */ = {isa = PBXBuildFile; fileRef = CEC443242A5E60D00007333B /* Profile.swift */; };
		CEC443272A5E61DA0007333B /* ProfileHost.swift in Sources */ = {isa = PBXBuildFile; fileRef = CEC443262A5E61DA0007333B /* ProfileHost.swift */; };
		CEC443292A5E63510007333B /* ProfileSummary.swift in Sources */ = {isa = PBXBuildFile; fileRef = CEC443282A5E63510007333B /* ProfileSummary.swift */; };
		CEC4432B2A5E65E50007333B /* HikeBadge.swift in Sources */ = {isa = PBXBuildFile; fileRef = CEC4432A2A5E65E50007333B /* HikeBadge.swift */; };
		CEC4432F2A5E71AE0007333B /* ProfileEditer.swift in Sources */ = {isa = PBXBuildFile; fileRef = CEC4432E2A5E71AE0007333B /* ProfileEditer.swift */; };
/* End PBXBuildFile section */

/* Begin PBXFileReference section */
		CE06301F2A5B82FD00713443 /* Landmarks.app */ = {isa = PBXFileReference; explicitFileType = wrapper.application; includeInIndex = 0; path = Landmarks.app; sourceTree = BUILT_PRODUCTS_DIR; };
		CE0630222A5B82FD00713443 /* LandmarksApp.swift */ = {isa = PBXFileReference; lastKnownFileType = sourcecode.swift; path = LandmarksApp.swift; sourceTree = "<group>"; };
		CE0630242A5B82FD00713443 /* ContentView.swift */ = {isa = PBXFileReference; lastKnownFileType = sourcecode.swift; path = ContentView.swift; sourceTree = "<group>"; };
		CE0630262A5B82FE00713443 /* Assets.xcassets */ = {isa = PBXFileReference; lastKnownFileType = folder.assetcatalog; path = Assets.xcassets; sourceTree = "<group>"; };
		CE0630292A5B82FE00713443 /* Preview Assets.xcassets */ = {isa = PBXFileReference; lastKnownFileType = folder.assetcatalog; path = "Preview Assets.xcassets"; sourceTree = "<group>"; };
		CE0630302A5B874A00713443 /* CircleImage.swift */ = {isa = PBXFileReference; lastKnownFileType = sourcecode.swift; path = CircleImage.swift; sourceTree = "<group>"; };
		CE0630322A5B880900713443 /* MapView.swift */ = {isa = PBXFileReference; lastKnownFileType = sourcecode.swift; path = MapView.swift; sourceTree = "<group>"; };
		CE0630362A5B8B9200713443 /* LICENSE.txt */ = {isa = PBXFileReference; fileEncoding = 4; lastKnownFileType = text; path = LICENSE.txt; sourceTree = "<group>"; };
		CE0630432A5B8B9200713443 /* landmarkData.json */ = {isa = PBXFileReference; fileEncoding = 4; lastKnownFileType = text.json; path = landmarkData.json; sourceTree = "<group>"; };
		CE0630512A5B8C4600713443 /* Landmark.swift */ = {isa = PBXFileReference; lastKnownFileType = sourcecode.swift; path = Landmark.swift; sourceTree = "<group>"; };
		CE0630532A5B8F1100713443 /* ModelData.swift */ = {isa = PBXFileReference; lastKnownFileType = sourcecode.swift; path = ModelData.swift; sourceTree = "<group>"; };
		CE0630572A5B9A7C00713443 /* LandmarkRow.swift */ = {isa = PBXFileReference; lastKnownFileType = sourcecode.swift; path = LandmarkRow.swift; sourceTree = "<group>"; };
		CE0630592A5B9C9A00713443 /* LandmarkList.swift */ = {isa = PBXFileReference; lastKnownFileType = sourcecode.swift; path = LandmarkList.swift; sourceTree = "<group>"; };
		CE06305B2A5BA1C700713443 /* LandmarkDetail.swift */ = {isa = PBXFileReference; lastKnownFileType = sourcecode.swift; path = LandmarkDetail.swift; sourceTree = "<group>"; };
		CEC443022A5BD2560007333B /* FavoriteButton.swift */ = {isa = PBXFileReference; lastKnownFileType = sourcecode.swift; path = FavoriteButton.swift; sourceTree = "<group>"; };
		CEC443062A5BDDCE0007333B /* HexagonParameters.swift */ = {isa = PBXFileReference; lastKnownFileType = sourcecode.swift; path = HexagonParameters.swift; sourceTree = "<group>"; };
		CEC443082A5BDED30007333B /* BadgeBackground.swift */ = {isa = PBXFileReference; lastKnownFileType = sourcecode.swift; path = BadgeBackground.swift; sourceTree = "<group>"; };
		CEC4430A2A5BE2A80007333B /* BadgeSymbol.swift */ = {isa = PBXFileReference; lastKnownFileType = sourcecode.swift; path = BadgeSymbol.swift; sourceTree = "<group>"; };
		CEC4430C2A5BE3580007333B /* RotatedBadgeSymbol.swift */ = {isa = PBXFileReference; lastKnownFileType = sourcecode.swift; path = RotatedBadgeSymbol.swift; sourceTree = "<group>"; };
		CEC4430E2A5BE3D70007333B /* Badge.swift */ = {isa = PBXFileReference; lastKnownFileType = sourcecode.swift; path = Badge.swift; sourceTree = "<group>"; };
		CEC443112A5BE68A0007333B /* hikeData.json */ = {isa = PBXFileReference; fileEncoding = 4; lastKnownFileType = text.json; path = hikeData.json; sourceTree = "<group>"; };
		CEC443132A5BE6BD0007333B /* Hike.swift */ = {isa = PBXFileReference; lastKnownFileType = sourcecode.swift; name = Hike.swift; path = Landmarks/Views/Hike.swift; sourceTree = SOURCE_ROOT; };
		CEC443162A5BE7D70007333B /* GraphCapsule.swift */ = {isa = PBXFileReference; fileEncoding = 4; lastKnownFileType = sourcecode.swift; path = GraphCapsule.swift; sourceTree = "<group>"; };
		CEC443172A5BE7D70007333B /* HikeGraph.swift */ = {isa = PBXFileReference; fileEncoding = 4; lastKnownFileType = sourcecode.swift; path = HikeGraph.swift; sourceTree = "<group>"; };
		CEC443182A5BE7D70007333B /* HikeDetail.swift */ = {isa = PBXFileReference; fileEncoding = 4; lastKnownFileType = sourcecode.swift; path = HikeDetail.swift; sourceTree = "<group>"; };
		CEC443192A5BE7D70007333B /* HikeView.swift */ = {isa = PBXFileReference; fileEncoding = 4; lastKnownFileType = sourcecode.swift; path = HikeView.swift; sourceTree = "<group>"; };
		CEC4431E2A5BECAE0007333B /* CategoryHome.swift */ = {isa = PBXFileReference; lastKnownFileType = sourcecode.swift; path = CategoryHome.swift; sourceTree = "<group>"; };
		CEC443202A5BEEFB0007333B /* CategoryRow.swift */ = {isa = PBXFileReference; lastKnownFileType = sourcecode.swift; path = CategoryRow.swift; sourceTree = "<group>"; };
		CEC443222A5BF07C0007333B /* CategoryItem.swift */ = {isa = PBXFileReference; lastKnownFileType = sourcecode.swift; path = CategoryItem.swift; sourceTree = "<group>"; };
		CEC443242A5E60D00007333B /* Profile.swift */ = {isa = PBXFileReference; lastKnownFileType = sourcecode.swift; path = Profile.swift; sourceTree = "<group>"; };
		CEC443262A5E61DA0007333B /* ProfileHost.swift */ = {isa = PBXFileReference; lastKnownFileType = sourcecode.swift; path = ProfileHost.swift; sourceTree = "<group>"; };
		CEC443282A5E63510007333B /* ProfileSummary.swift */ = {isa = PBXFileReference; lastKnownFileType = sourcecode.swift; path = ProfileSummary.swift; sourceTree = "<group>"; };
		CEC4432A2A5E65E50007333B /* HikeBadge.swift */ = {isa = PBXFileReference; lastKnownFileType = sourcecode.swift; path = HikeBadge.swift; sourceTree = "<group>"; };
		CEC4432E2A5E71AE0007333B /* ProfileEditer.swift */ = {isa = PBXFileReference; lastKnownFileType = sourcecode.swift; path = ProfileEditer.swift; sourceTree = "<group>"; };
/* End PBXFileReference section */

/* Begin PBXFrameworksBuildPhase section */
		CE06301C2A5B82FD00713443 /* Frameworks */ = {
			isa = PBXFrameworksBuildPhase;
			buildActionMask = 2147483647;
			files = (
			);
			runOnlyForDeploymentPostprocessing = 0;
		};
/* End PBXFrameworksBuildPhase section */

/* Begin PBXGroup section */
		CE0630162A5B82FD00713443 = {
			isa = PBXGroup;
			children = (
				CE0630212A5B82FD00713443 /* Landmarks */,
				CE0630202A5B82FD00713443 /* Products */,
			);
			sourceTree = "<group>";
		};
		CE0630202A5B82FD00713443 /* Products */ = {
			isa = PBXGroup;
			children = (
				CE06301F2A5B82FD00713443 /* Landmarks.app */,
			);
			name = Products;
			sourceTree = "<group>";
		};
		CE0630212A5B82FD00713443 /* Landmarks */ = {
			isa = PBXGroup;
			children = (
				CE0630222A5B82FD00713443 /* LandmarksApp.swift */,
				CE0630552A5B996800713443 /* Views */,
				CE0630562A5B998800713443 /* Model */,
				CE0630342A5B8B9200713443 /* Resources */,
				CE0630262A5B82FE00713443 /* Assets.xcassets */,
				CE0630282A5B82FE00713443 /* Preview Content */,
			);
			path = Landmarks;
			sourceTree = "<group>";
		};
		CE0630282A5B82FE00713443 /* Preview Content */ = {
			isa = PBXGroup;
			children = (
				CE0630292A5B82FE00713443 /* Preview Assets.xcassets */,
			);
			path = "Preview Content";
			sourceTree = "<group>";
		};
		CE0630342A5B8B9200713443 /* Resources */ = {
			isa = PBXGroup;
			children = (
				CE0630352A5B8B9200713443 /* LICENSE */,
				CE0630432A5B8B9200713443 /* landmarkData.json */,
				CEC443112A5BE68A0007333B /* hikeData.json */,
			);
			path = Resources;
			sourceTree = "<group>";
		};
		CE0630352A5B8B9200713443 /* LICENSE */ = {
			isa = PBXGroup;
			children = (
				CE0630362A5B8B9200713443 /* LICENSE.txt */,
			);
			path = LICENSE;
			sourceTree = "<group>";
		};
		CE0630552A5B996800713443 /* Views */ = {
			isa = PBXGroup;
			children = (
				CE0630242A5B82FD00713443 /* ContentView.swift */,
				CEC443042A5BD38C0007333B /* Landmarks */,
				CEC443052A5BD39A0007333B /* Helpers */,
				CEC443102A5BE5AF0007333B /* Badges */,
				CEC443152A5BE7D70007333B /* Hikes */,
				CEC4432C2A5E6EDC0007333B /* Profile */,
				CEC4432D2A5E6EF40007333B /* Category */,
			);
			path = Views;
			sourceTree = "<group>";
		};
		CE0630562A5B998800713443 /* Model */ = {
			isa = PBXGroup;
			children = (
				CEC443132A5BE6BD0007333B /* Hike.swift */,
				CEC443242A5E60D00007333B /* Profile.swift */,
				CE0630532A5B8F1100713443 /* ModelData.swift */,
				CE0630512A5B8C4600713443 /* Landmark.swift */,
			);
			path = Model;
			sourceTree = "<group>";
		};
		CEC443042A5BD38C0007333B /* Landmarks */ = {
			isa = PBXGroup;
			children = (
				CE0630592A5B9C9A00713443 /* LandmarkList.swift */,
				CE0630572A5B9A7C00713443 /* LandmarkRow.swift */,
				CE06305B2A5BA1C700713443 /* LandmarkDetail.swift */,
			);
			path = Landmarks;
			sourceTree = "<group>";
		};
		CEC443052A5BD39A0007333B /* Helpers */ = {
			isa = PBXGroup;
			children = (
				CE0630302A5B874A00713443 /* CircleImage.swift */,
				CE0630322A5B880900713443 /* MapView.swift */,
				CEC443022A5BD2560007333B /* FavoriteButton.swift */,
			);
			path = Helpers;
			sourceTree = "<group>";
		};
		CEC443102A5BE5AF0007333B /* Badges */ = {
			isa = PBXGroup;
			children = (
				CEC4430E2A5BE3D70007333B /* Badge.swift */,
				CEC443082A5BDED30007333B /* BadgeBackground.swift */,
				CEC4430A2A5BE2A80007333B /* BadgeSymbol.swift */,
				CEC4430C2A5BE3580007333B /* RotatedBadgeSymbol.swift */,
				CEC443062A5BDDCE0007333B /* HexagonParameters.swift */,
			);
			path = Badges;
			sourceTree = "<group>";
		};
		CEC443152A5BE7D70007333B /* Hikes */ = {
			isa = PBXGroup;
			children = (
				CEC443162A5BE7D70007333B /* GraphCapsule.swift */,
				CEC443172A5BE7D70007333B /* HikeGraph.swift */,
				CEC443182A5BE7D70007333B /* HikeDetail.swift */,
				CEC443192A5BE7D70007333B /* HikeView.swift */,
				CEC4432A2A5E65E50007333B /* HikeBadge.swift */,
			);
			path = Hikes;
			sourceTree = "<group>";
		};
		CEC4432C2A5E6EDC0007333B /* Profile */ = {
			isa = PBXGroup;
			children = (
				CEC443262A5E61DA0007333B /* ProfileHost.swift */,
				CEC443282A5E63510007333B /* ProfileSummary.swift */,
				CEC4432E2A5E71AE0007333B /* ProfileEditer.swift */,
			);
			path = Profile;
			sourceTree = "<group>";
		};
		CEC4432D2A5E6EF40007333B /* Category */ = {
			isa = PBXGroup;
			children = (
				CEC4431E2A5BECAE0007333B /* CategoryHome.swift */,
				CEC443202A5BEEFB0007333B /* CategoryRow.swift */,
				CEC443222A5BF07C0007333B /* CategoryItem.swift */,
			);
			path = Category;
			sourceTree = "<group>";
		};
/* End PBXGroup section */

/* Begin PBXNativeTarget section */
		CE06301E2A5B82FD00713443 /* Landmarks */ = {
			isa = PBXNativeTarget;
			buildConfigurationList = CE06302D2A5B82FE00713443 /* Build configuration list for PBXNativeTarget "Landmarks" */;
			buildPhases = (
				CE06301B2A5B82FD00713443 /* Sources */,
				CE06301C2A5B82FD00713443 /* Frameworks */,
				CE06301D2A5B82FD00713443 /* Resources */,
			);
			buildRules = (
			);
			dependencies = (
			);
			name = Landmarks;
			productName = Landmarks;
			productReference = CE06301F2A5B82FD00713443 /* Landmarks.app */;
			productType = "com.apple.product-type.application";
		};
/* End PBXNativeTarget section */

/* Begin PBXProject section */
		CE0630172A5B82FD00713443 /* Project object */ = {
			isa = PBXProject;
			attributes = {
				BuildIndependentTargetsInParallel = 1;
				LastSwiftUpdateCheck = 1430;
				LastUpgradeCheck = 1430;
				TargetAttributes = {
					CE06301E2A5B82FD00713443 = {
						CreatedOnToolsVersion = 14.3.1;
					};
				};
			};
			buildConfigurationList = CE06301A2A5B82FD00713443 /* Build configuration list for PBXProject "Landmarks" */;
			compatibilityVersion = "Xcode 14.0";
			developmentRegion = en;
			hasScannedForEncodings = 0;
			knownRegions = (
				en,
				Base,
			);
			mainGroup = CE0630162A5B82FD00713443;
			productRefGroup = CE0630202A5B82FD00713443 /* Products */;
			projectDirPath = "";
			projectRoot = "";
			targets = (
				CE06301E2A5B82FD00713443 /* Landmarks */,
			);
		};
/* End PBXProject section */

/* Begin PBXResourcesBuildPhase section */
		CE06301D2A5B82FD00713443 /* Resources */ = {
			isa = PBXResourcesBuildPhase;
			buildActionMask = 2147483647;
			files = (
				CE0630442A5B8B9200713443 /* LICENSE.txt in Resources */,
				CE06302A2A5B82FE00713443 /* Preview Assets.xcassets in Resources */,
				CE0630502A5B8B9200713443 /* landmarkData.json in Resources */,
				CE0630272A5B82FE00713443 /* Assets.xcassets in Resources */,
				CEC443122A5BE68A0007333B /* hikeData.json in Resources */,
			);
			runOnlyForDeploymentPostprocessing = 0;
		};
/* End PBXResourcesBuildPhase section */

/* Begin PBXSourcesBuildPhase section */
		CE06301B2A5B82FD00713443 /* Sources */ = {
			isa = PBXSourcesBuildPhase;
			buildActionMask = 2147483647;
			files = (
				CEC443212A5BEEFB0007333B /* CategoryRow.swift in Sources */,
				CEC443252A5E60D00007333B /* Profile.swift in Sources */,
				CE0630252A5B82FD00713443 /* ContentView.swift in Sources */,
				CEC4431F2A5BECAE0007333B /* CategoryHome.swift in Sources */,
				CEC4431B2A5BE7D70007333B /* HikeGraph.swift in Sources */,
				CEC4430F2A5BE3D70007333B /* Badge.swift in Sources */,
				CE0630332A5B880900713443 /* MapView.swift in Sources */,
				CEC4431A2A5BE7D70007333B /* GraphCapsule.swift in Sources */,
				CEC4432F2A5E71AE0007333B /* ProfileEditer.swift in Sources */,
				CE0630232A5B82FD00713443 /* LandmarksApp.swift in Sources */,
				CEC443032A5BD2560007333B /* FavoriteButton.swift in Sources */,
				CEC443232A5BF07C0007333B /* CategoryItem.swift in Sources */,
				CEC4431C2A5BE7D70007333B /* HikeDetail.swift in Sources */,
				CEC443292A5E63510007333B /* ProfileSummary.swift in Sources */,
				CEC443072A5BDDCE0007333B /* HexagonParameters.swift in Sources */,
				CEC443272A5E61DA0007333B /* ProfileHost.swift in Sources */,
				CEC443142A5BE6BD0007333B /* Hike.swift in Sources */,
				CEC4430D2A5BE3580007333B /* RotatedBadgeSymbol.swift in Sources */,
				CEC4430B2A5BE2A80007333B /* BadgeSymbol.swift in Sources */,
				CE06305A2A5B9C9A00713443 /* LandmarkList.swift in Sources */,
				CEC4431D2A5BE7D70007333B /* HikeView.swift in Sources */,
				CE06305C2A5BA1C700713443 /* LandmarkDetail.swift in Sources */,
				CEC443092A5BDED30007333B /* BadgeBackground.swift in Sources */,
				CEC4432B2A5E65E50007333B /* HikeBadge.swift in Sources */,
				CE0630312A5B874A00713443 /* CircleImage.swift in Sources */,
				CE0630522A5B8C4600713443 /* Landmark.swift in Sources */,
				CE0630582A5B9A7C00713443 /* LandmarkRow.swift in Sources */,
				CE0630542A5B8F1100713443 /* ModelData.swift in Sources */,
			);
			runOnlyForDeploymentPostprocessing = 0;
		};
/* End PBXSourcesBuildPhase section */

/* Begin XCBuildConfiguration section */
		CE06302B2A5B82FE00713443 /* Debug */ = {
			isa = XCBuildConfiguration;
			buildSettings = {
				ALWAYS_SEARCH_USER_PATHS = NO;
				CLANG_ANALYZER_NONNULL = YES;
				CLANG_ANALYZER_NUMBER_OBJECT_CONVERSION = YES_AGGRESSIVE;
				CLANG_CXX_LANGUAGE_STANDARD = "gnu++20";
				CLANG_ENABLE_MODULES = YES;
				CLANG_ENABLE_OBJC_ARC = YES;
				CLANG_ENABLE_OBJC_WEAK = YES;
				CLANG_WARN_BLOCK_CAPTURE_AUTORELEASING = YES;
				CLANG_WARN_BOOL_CONVERSION = YES;
				CLANG_WARN_COMMA = YES;
				CLANG_WARN_CONSTANT_CONVERSION = YES;
				CLANG_WARN_DEPRECATED_OBJC_IMPLEMENTATIONS = YES;
				CLANG_WARN_DIRECT_OBJC_ISA_USAGE = YES_ERROR;
				CLANG_WARN_DOCUMENTATION_COMMENTS = YES;
				CLANG_WARN_EMPTY_BODY = YES;
				CLANG_WARN_ENUM_CONVERSION = YES;
				CLANG_WARN_INFINITE_RECURSION = YES;
				CLANG_WARN_INT_CONVERSION = YES;
				CLANG_WARN_NON_LITERAL_NULL_CONVERSION = YES;
				CLANG_WARN_OBJC_IMPLICIT_RETAIN_SELF = YES;
				CLANG_WARN_OBJC_LITERAL_CONVERSION = YES;
				CLANG_WARN_OBJC_ROOT_CLASS = YES_ERROR;
				CLANG_WARN_QUOTED_INCLUDE_IN_FRAMEWORK_HEADER = YES;
				CLANG_WARN_RANGE_LOOP_ANALYSIS = YES;
				CLANG_WARN_STRICT_PROTOTYPES = YES;
				CLANG_WARN_SUSPICIOUS_MOVE = YES;
				CLANG_WARN_UNGUARDED_AVAILABILITY = YES_AGGRESSIVE;
				CLANG_WARN_UNREACHABLE_CODE = YES;
				CLANG_WARN__DUPLICATE_METHOD_MATCH = YES;
				COPY_PHASE_STRIP = NO;
				DEBUG_INFORMATION_FORMAT = dwarf;
				ENABLE_STRICT_OBJC_MSGSEND = YES;
				ENABLE_TESTABILITY = YES;
				GCC_C_LANGUAGE_STANDARD = gnu11;
				GCC_DYNAMIC_NO_PIC = NO;
				GCC_NO_COMMON_BLOCKS = YES;
				GCC_OPTIMIZATION_LEVEL = 0;
				GCC_PREPROCESSOR_DEFINITIONS = (
					"DEBUG=1",
					"$(inherited)",
				);
				GCC_WARN_64_TO_32_BIT_CONVERSION = YES;
				GCC_WARN_ABOUT_RETURN_TYPE = YES_ERROR;
				GCC_WARN_UNDECLARED_SELECTOR = YES;
				GCC_WARN_UNINITIALIZED_AUTOS = YES_AGGRESSIVE;
				GCC_WARN_UNUSED_FUNCTION = YES;
				GCC_WARN_UNUSED_VARIABLE = YES;
				IPHONEOS_DEPLOYMENT_TARGET = 16.4;
				MTL_ENABLE_DEBUG_INFO = INCLUDE_SOURCE;
				MTL_FAST_MATH = YES;
				ONLY_ACTIVE_ARCH = YES;
				SDKROOT = iphoneos;
				SWIFT_ACTIVE_COMPILATION_CONDITIONS = DEBUG;
				SWIFT_OPTIMIZATION_LEVEL = "-Onone";
			};
			name = Debug;
		};
		CE06302C2A5B82FE00713443 /* Release */ = {
			isa = XCBuildConfiguration;
			buildSettings = {
				ALWAYS_SEARCH_USER_PATHS = NO;
				CLANG_ANALYZER_NONNULL = YES;
				CLANG_ANALYZER_NUMBER_OBJECT_CONVERSION = YES_AGGRESSIVE;
				CLANG_CXX_LANGUAGE_STANDARD = "gnu++20";
				CLANG_ENABLE_MODULES = YES;
				CLANG_ENABLE_OBJC_ARC = YES;
				CLANG_ENABLE_OBJC_WEAK = YES;
				CLANG_WARN_BLOCK_CAPTURE_AUTORELEASING = YES;
				CLANG_WARN_BOOL_CONVERSION = YES;
				CLANG_WARN_COMMA = YES;
				CLANG_WARN_CONSTANT_CONVERSION = YES;
				CLANG_WARN_DEPRECATED_OBJC_IMPLEMENTATIONS = YES;
				CLANG_WARN_DIRECT_OBJC_ISA_USAGE = YES_ERROR;
				CLANG_WARN_DOCUMENTATION_COMMENTS = YES;
				CLANG_WARN_EMPTY_BODY = YES;
				CLANG_WARN_ENUM_CONVERSION = YES;
				CLANG_WARN_INFINITE_RECURSION = YES;
				CLANG_WARN_INT_CONVERSION = YES;
				CLANG_WARN_NON_LITERAL_NULL_CONVERSION = YES;
				CLANG_WARN_OBJC_IMPLICIT_RETAIN_SELF = YES;
				CLANG_WARN_OBJC_LITERAL_CONVERSION = YES;
				CLANG_WARN_OBJC_ROOT_CLASS = YES_ERROR;
				CLANG_WARN_QUOTED_INCLUDE_IN_FRAMEWORK_HEADER = YES;
				CLANG_WARN_RANGE_LOOP_ANALYSIS = YES;
				CLANG_WARN_STRICT_PROTOTYPES = YES;
				CLANG_WARN_SUSPICIOUS_MOVE = YES;
				CLANG_WARN_UNGUARDED_AVAILABILITY = YES_AGGRESSIVE;
				CLANG_WARN_UNREACHABLE_CODE = YES;
				CLANG_WARN__DUPLICATE_METHOD_MATCH = YES;
				COPY_PHASE_STRIP = NO;
				DEBUG_INFORMATION_FORMAT = "dwarf-with-dsym";
				ENABLE_NS_ASSERTIONS = NO;
				ENABLE_STRICT_OBJC_MSGSEND = YES;
				GCC_C_LANGUAGE_STANDARD = gnu11;
				GCC_NO_COMMON_BLOCKS = YES;
				GCC_WARN_64_TO_32_BIT_CONVERSION = YES;
				GCC_WARN_ABOUT_RETURN_TYPE = YES_ERROR;
				GCC_WARN_UNDECLARED_SELECTOR = YES;
				GCC_WARN_UNINITIALIZED_AUTOS = YES_AGGRESSIVE;
				GCC_WARN_UNUSED_FUNCTION = YES;
				GCC_WARN_UNUSED_VARIABLE = YES;
				IPHONEOS_DEPLOYMENT_TARGET = 16.4;
				MTL_ENABLE_DEBUG_INFO = NO;
				MTL_FAST_MATH = YES;
				SDKROOT = iphoneos;
				SWIFT_COMPILATION_MODE = wholemodule;
				SWIFT_OPTIMIZATION_LEVEL = "-O";
				VALIDATE_PRODUCT = YES;
			};
			name = Release;
		};
		CE06302E2A5B82FE00713443 /* Debug */ = {
			isa = XCBuildConfiguration;
			buildSettings = {
				ASSETCATALOG_COMPILER_APPICON_NAME = AppIcon;
				ASSETCATALOG_COMPILER_GLOBAL_ACCENT_COLOR_NAME = AccentColor;
				CODE_SIGN_STYLE = Automatic;
				CURRENT_PROJECT_VERSION = 1;
				DEVELOPMENT_ASSET_PATHS = "\"Landmarks/Preview Content\"";
				DEVELOPMENT_TEAM = NMHD2XRTQN;
				ENABLE_PREVIEWS = YES;
				GENERATE_INFOPLIST_FILE = YES;
				INFOPLIST_KEY_UIApplicationSceneManifest_Generation = YES;
				INFOPLIST_KEY_UIApplicationSupportsIndirectInputEvents = YES;
				INFOPLIST_KEY_UILaunchScreen_Generation = YES;
				INFOPLIST_KEY_UISupportedInterfaceOrientations_iPad = "UIInterfaceOrientationPortrait UIInterfaceOrientationPortraitUpsideDown UIInterfaceOrientationLandscapeLeft UIInterfaceOrientationLandscapeRight";
				INFOPLIST_KEY_UISupportedInterfaceOrientations_iPhone = "UIInterfaceOrientationPortrait UIInterfaceOrientationLandscapeLeft UIInterfaceOrientationLandscapeRight";
				LD_RUNPATH_SEARCH_PATHS = (
					"$(inherited)",
					"@executable_path/Frameworks",
				);
				MARKETING_VERSION = 1.0;
				PRODUCT_BUNDLE_IDENTIFIER = com.akaishi.Landmarks;
				PRODUCT_NAME = "$(TARGET_NAME)";
				SWIFT_EMIT_LOC_STRINGS = YES;
				SWIFT_VERSION = 5.0;
				TARGETED_DEVICE_FAMILY = "1,2";
			};
			name = Debug;
		};
		CE06302F2A5B82FE00713443 /* Release */ = {
			isa = XCBuildConfiguration;
			buildSettings = {
				ASSETCATALOG_COMPILER_APPICON_NAME = AppIcon;
				ASSETCATALOG_COMPILER_GLOBAL_ACCENT_COLOR_NAME = AccentColor;
				CODE_SIGN_STYLE = Automatic;
				CURRENT_PROJECT_VERSION = 1;
				DEVELOPMENT_ASSET_PATHS = "\"Landmarks/Preview Content\"";
				DEVELOPMENT_TEAM = NMHD2XRTQN;
				ENABLE_PREVIEWS = YES;
				GENERATE_INFOPLIST_FILE = YES;
				INFOPLIST_KEY_UIApplicationSceneManifest_Generation = YES;
				INFOPLIST_KEY_UIApplicationSupportsIndirectInputEvents = YES;
				INFOPLIST_KEY_UILaunchScreen_Generation = YES;
				INFOPLIST_KEY_UISupportedInterfaceOrientations_iPad = "UIInterfaceOrientationPortrait UIInterfaceOrientationPortraitUpsideDown UIInterfaceOrientationLandscapeLeft UIInterfaceOrientationLandscapeRight";
				INFOPLIST_KEY_UISupportedInterfaceOrientations_iPhone = "UIInterfaceOrientationPortrait UIInterfaceOrientationLandscapeLeft UIInterfaceOrientationLandscapeRight";
				LD_RUNPATH_SEARCH_PATHS = (
					"$(inherited)",
					"@executable_path/Frameworks",
				);
				MARKETING_VERSION = 1.0;
				PRODUCT_BUNDLE_IDENTIFIER = com.akaishi.Landmarks;
				PRODUCT_NAME = "$(TARGET_NAME)";
				SWIFT_EMIT_LOC_STRINGS = YES;
				SWIFT_VERSION = 5.0;
				TARGETED_DEVICE_FAMILY = "1,2";
			};
			name = Release;
		};
/* End XCBuildConfiguration section */

/* Begin XCConfigurationList section */
		CE06301A2A5B82FD00713443 /* Build configuration list for PBXProject "Landmarks" */ = {
			isa = XCConfigurationList;
			buildConfigurations = (
				CE06302B2A5B82FE00713443 /* Debug */,
				CE06302C2A5B82FE00713443 /* Release */,
			);
			defaultConfigurationIsVisible = 0;
			defaultConfigurationName = Release;
		};
		CE06302D2A5B82FE00713443 /* Build configuration list for PBXNativeTarget "Landmarks" */ = {
			isa = XCConfigurationList;
			buildConfigurations = (
				CE06302E2A5B82FE00713443 /* Debug */,
				CE06302F2A5B82FE00713443 /* Release */,
			);
			defaultConfigurationIsVisible = 0;
			defaultConfigurationName = Release;
		};
/* End XCConfigurationList section */
	};
	rootObject = CE0630172A5B82FD00713443 /* Project object */;
}
